
Microsoft Visual Studio Solution File, Format Version 12.00
# Visual Studio Version 16
VisualStudioVersion = 16.0.31702.278
MinimumVisualStudioVersion = 10.0.40219.1
Project("{FAE04EC0-301F-11D3-BF4B-00C04F79EFBC}") = "Lab 6_2", "Lab 6_2\Lab 6_2.csproj", "{5B40232A-6A21-4E55-A217-7E9C364BA1B7}"
EndProject
Global
	GlobalSection(SolutionConfigurationPlatforms) = preSolution
		Debug|Any CPU = Debug|Any CPU
		Release|Any CPU = Release|Any CPU
	EndGlobalSection
	GlobalSection(ProjectConfigurationPlatforms) = postSolution
		{5B40232A-6A21-4E55-A217-7E9C364BA1B7}.Debug|Any CPU.ActiveCfg = Debug|Any CPU
		{5B40232A-6A21-4E55-A217-7E9C364BA1B7}.Debug|Any CPU.Build.0 = Debug|Any CPU
		{5B40232A-6A21-4E55-A217-7E9C364BA1B7}.Release|Any CPU.ActiveCfg = Release|Any CPU
		{5B40232A-6A21-4E55-A217-7E9C364BA1B7}.Release|Any CPU.Build.0 = Release|Any CPU
	EndGlobalSection
	GlobalSection(SolutionProperties) = preSolution
		HideSolutionNode = FALSE
	EndGlobalSection
	GlobalSection(ExtensibilityGlobals) = postSolution
		SolutionGuid = {1D526F99-4254-44E9-A64B-7E6C2F4D6C69}
	EndGlobalSection
EndGlobal
